
Microsoft Visual Studio Solution File, Format Version 12.00
# Visual Studio Version 17
VisualStudioVersion = 17.4.33205.214
MinimumVisualStudioVersion = 10.0.40219.1
Project("{FAE04EC0-301F-11D3-BF4B-00C04F79EFBC}") = "CShaprtConsolePractics", "CShaprtConsolePractics\CShaprtConsolePractics.csproj", "{3D14BF31-1C37-48DB-BBD0-88BC50D7E54C}"
EndProject
Global
	GlobalSection(SolutionConfigurationPlatforms) = preSolution
		Debug|Any CPU = Debug|Any CPU
		Release|Any CPU = Release|Any CPU
	EndGlobalSection
	GlobalSection(ProjectConfigurationPlatforms) = postSolution
		{3D14BF31-1C37-48DB-BBD0-88BC50D7E54C}.Debug|Any CPU.ActiveCfg = Debug|Any CPU
		{3D14BF31-1C37-48DB-BBD0-88BC50D7E54C}.Debug|Any CPU.Build.0 = Debug|Any CPU
		{3D14BF31-1C37-48DB-BBD0-88BC50D7E54C}.Release|Any CPU.ActiveCfg = Release|Any CPU
		{3D14BF31-1C37-48DB-BBD0-88BC50D7E54C}.Release|Any CPU.Build.0 = Release|Any CPU
	EndGlobalSection
	GlobalSection(SolutionProperties) = preSolution
		HideSolutionNode = FALSE
	EndGlobalSection
	GlobalSection(ExtensibilityGlobals) = postSolution
		SolutionGuid = {8459B47B-AFFA-4F1B-8CC6-90EF4F2CCE5E}
	EndGlobalSection
EndGlobal
